
Microsoft Visual Studio Solution File, Format Version 12.00
# Visual Studio Version 16
VisualStudioVersion = 16.0.30907.101
MinimumVisualStudioVersion = 10.0.40219.1
Project("{FAE04EC0-301F-11D3-BF4B-00C04F79EFBC}") = "10-Ternary-Operatoru-Kullanimi", "10-Ternary-Operatoru-Kullanimi\10-Ternary-Operatoru-Kullanimi.csproj", "{92A32EB0-E8BC-4189-B18E-8E573B6881CC}"
EndProject
Global
	GlobalSection(SolutionConfigurationPlatforms) = preSolution
		Debug|Any CPU = Debug|Any CPU
		Release|Any CPU = Release|Any CPU
	EndGlobalSection
	GlobalSection(ProjectConfigurationPlatforms) = postSolution
		{92A32EB0-E8BC-4189-B18E-8E573B6881CC}.Debug|Any CPU.ActiveCfg = Debug|Any CPU
		{92A32EB0-E8BC-4189-B18E-8E573B6881CC}.Debug|Any CPU.Build.0 = Debug|Any CPU
		{92A32EB0-E8BC-4189-B18E-8E573B6881CC}.Release|Any CPU.ActiveCfg = Release|Any CPU
		{92A32EB0-E8BC-4189-B18E-8E573B6881CC}.Release|Any CPU.Build.0 = Release|Any CPU
	EndGlobalSection
	GlobalSection(SolutionProperties) = preSolution
		HideSolutionNode = FALSE
	EndGlobalSection
	GlobalSection(ExtensibilityGlobals) = postSolution
		SolutionGuid = {B41BC400-6DE7-4FFA-8F49-BB91DD231187}
	EndGlobalSection
EndGlobal
